// !$*UTF8*$!
{
	archiveVersion = 1;
	classes = {
	};
	objectVersion = 51;
	objects = {

/* Begin PBXBuildFile section */
		0B2C7417941F66F3B0FC0297 /* Pods_WorkoutTrackerUITests.framework in Frameworks */ = {isa = PBXBuildFile; fileRef = 1A6B2721E95099DF304C1B31 /* Pods_WorkoutTrackerUITests.framework */; };
		1A764D03231FF6BA00E0E3C8 /* TabBarController.swift in Sources */ = {isa = PBXBuildFile; fileRef = 1A764D02231FF6BA00E0E3C8 /* TabBarController.swift */; };
		1A764D0A2320084900E0E3C8 /* ColorExtension.swift in Sources */ = {isa = PBXBuildFile; fileRef = 1A764D092320084900E0E3C8 /* ColorExtension.swift */; };
		1A764D11232516A100E0E3C8 /* UITableViewCellExtension.swift in Sources */ = {isa = PBXBuildFile; fileRef = 1A764D10232516A100E0E3C8 /* UITableViewCellExtension.swift */; };
		1A764D142325190200E0E3C8 /* EntryTableViewCell.swift in Sources */ = {isa = PBXBuildFile; fileRef = 1A764D122325190200E0E3C8 /* EntryTableViewCell.swift */; };
		1A764D152325190200E0E3C8 /* EntryTableViewCell.xib in Resources */ = {isa = PBXBuildFile; fileRef = 1A764D132325190200E0E3C8 /* EntryTableViewCell.xib */; };
		1A9F4AF4227DE64E0029AC3A /* AppDelegate.swift in Sources */ = {isa = PBXBuildFile; fileRef = 1A9F4AF3227DE64E0029AC3A /* AppDelegate.swift */; };
		1A9F4AF6227DE64E0029AC3A /* HomeViewController.swift in Sources */ = {isa = PBXBuildFile; fileRef = 1A9F4AF5227DE64E0029AC3A /* HomeViewController.swift */; };
		1A9F4AF8227DE64E0029AC3A /* SettingsViewController.swift in Sources */ = {isa = PBXBuildFile; fileRef = 1A9F4AF7227DE64E0029AC3A /* SettingsViewController.swift */; };
		1A9F4AFD227DE6500029AC3A /* Assets.xcassets in Resources */ = {isa = PBXBuildFile; fileRef = 1A9F4AFC227DE6500029AC3A /* Assets.xcassets */; };
		1A9F4B00227DE6500029AC3A /* LaunchScreen.storyboard in Resources */ = {isa = PBXBuildFile; fileRef = 1A9F4AFE227DE6500029AC3A /* LaunchScreen.storyboard */; };
		1A9F4B0B227DE6500029AC3A /* WorkoutTrackerTests.swift in Sources */ = {isa = PBXBuildFile; fileRef = 1A9F4B0A227DE6500029AC3A /* WorkoutTrackerTests.swift */; };
		1A9F4B16227DE6500029AC3A /* WorkoutTrackerUITests.swift in Sources */ = {isa = PBXBuildFile; fileRef = 1A9F4B15227DE6500029AC3A /* WorkoutTrackerUITests.swift */; };
		1A9F4B27227F01800029AC3A /* MuscleGroup.swift in Sources */ = {isa = PBXBuildFile; fileRef = 1A9F4B26227F01800029AC3A /* MuscleGroup.swift */; };
		1A9F4B292282F7150029AC3A /* WorkoutViewController.swift in Sources */ = {isa = PBXBuildFile; fileRef = 1A9F4B282282F7140029AC3A /* WorkoutViewController.swift */; };
		1A9F4B2D2282F8910029AC3A /* Workout.swift in Sources */ = {isa = PBXBuildFile; fileRef = 1A9F4B2C2282F8910029AC3A /* Workout.swift */; };
		1A9F4B2F2282F91F0029AC3A /* Exercise.swift in Sources */ = {isa = PBXBuildFile; fileRef = 1A9F4B2E2282F91F0029AC3A /* Exercise.swift */; };
		1A9F4B32228311140029AC3A /* DatabaseManager.swift in Sources */ = {isa = PBXBuildFile; fileRef = 1A9F4B31228311140029AC3A /* DatabaseManager.swift */; };
		1A9F4B3522831F280029AC3A /* DateExtension.swift in Sources */ = {isa = PBXBuildFile; fileRef = 1A9F4B3422831F280029AC3A /* DateExtension.swift */; };
		1A9F4B37228730670029AC3A /* AddEntryViewController.swift in Sources */ = {isa = PBXBuildFile; fileRef = 1A9F4B36228730670029AC3A /* AddEntryViewController.swift */; };
		1A9F4B39228748F90029AC3A /* ViewControllerExtension.swift in Sources */ = {isa = PBXBuildFile; fileRef = 1A9F4B38228748F90029AC3A /* ViewControllerExtension.swift */; };
		3DAD344FEDFDCBE64D85F39E /* Pods_WorkoutTracker.framework in Frameworks */ = {isa = PBXBuildFile; fileRef = 892BA70EB06AD9153C716ACC /* Pods_WorkoutTracker.framework */; };
		6C95CC0FD6C48C8D4D51D4B5 /* Pods_WorkoutTrackerTests.framework in Frameworks */ = {isa = PBXBuildFile; fileRef = 5D39540EB1B80E319566EE04 /* Pods_WorkoutTrackerTests.framework */; };
/* End PBXBuildFile section */

/* Begin PBXContainerItemProxy section */
		1A9F4B07227DE6500029AC3A /* PBXContainerItemProxy */ = {
			isa = PBXContainerItemProxy;
			containerPortal = 1A9F4AE8227DE64E0029AC3A /* Project object */;
			proxyType = 1;
			remoteGlobalIDString = 1A9F4AEF227DE64E0029AC3A;
			remoteInfo = WorkoutTracker;
		};
		1A9F4B12227DE6500029AC3A /* PBXContainerItemProxy */ = {
			isa = PBXContainerItemProxy;
			containerPortal = 1A9F4AE8227DE64E0029AC3A /* Project object */;
			proxyType = 1;
			remoteGlobalIDString = 1A9F4AEF227DE64E0029AC3A;
			remoteInfo = WorkoutTracker;
		};
/* End PBXContainerItemProxy section */

/* Begin PBXFileReference section */
		006DCEA7869AFF8E21AFBF4D /* Pods-WorkoutTracker.release.xcconfig */ = {isa = PBXFileReference; includeInIndex = 1; lastKnownFileType = text.xcconfig; name = "Pods-WorkoutTracker.release.xcconfig"; path = "Target Support Files/Pods-WorkoutTracker/Pods-WorkoutTracker.release.xcconfig"; sourceTree = "<group>"; };
		1A6B2721E95099DF304C1B31 /* Pods_WorkoutTrackerUITests.framework */ = {isa = PBXFileReference; explicitFileType = wrapper.framework; includeInIndex = 0; path = Pods_WorkoutTrackerUITests.framework; sourceTree = BUILT_PRODUCTS_DIR; };
		1A764D02231FF6BA00E0E3C8 /* TabBarController.swift */ = {isa = PBXFileReference; lastKnownFileType = sourcecode.swift; path = TabBarController.swift; sourceTree = "<group>"; };
		1A764D092320084900E0E3C8 /* ColorExtension.swift */ = {isa = PBXFileReference; lastKnownFileType = sourcecode.swift; path = ColorExtension.swift; sourceTree = "<group>"; };
		1A764D10232516A100E0E3C8 /* UITableViewCellExtension.swift */ = {isa = PBXFileReference; lastKnownFileType = sourcecode.swift; path = UITableViewCellExtension.swift; sourceTree = "<group>"; };
		1A764D122325190200E0E3C8 /* EntryTableViewCell.swift */ = {isa = PBXFileReference; lastKnownFileType = sourcecode.swift; path = EntryTableViewCell.swift; sourceTree = "<group>"; };
		1A764D132325190200E0E3C8 /* EntryTableViewCell.xib */ = {isa = PBXFileReference; lastKnownFileType = file.xib; path = EntryTableViewCell.xib; sourceTree = "<group>"; };
		1A9F4AF0227DE64E0029AC3A /* WorkoutTracker.app */ = {isa = PBXFileReference; explicitFileType = wrapper.application; includeInIndex = 0; path = WorkoutTracker.app; sourceTree = BUILT_PRODUCTS_DIR; };
		1A9F4AF3227DE64E0029AC3A /* AppDelegate.swift */ = {isa = PBXFileReference; lastKnownFileType = sourcecode.swift; path = AppDelegate.swift; sourceTree = "<group>"; };
		1A9F4AF5227DE64E0029AC3A /* HomeViewController.swift */ = {isa = PBXFileReference; lastKnownFileType = sourcecode.swift; path = HomeViewController.swift; sourceTree = "<group>"; };
		1A9F4AF7227DE64E0029AC3A /* SettingsViewController.swift */ = {isa = PBXFileReference; lastKnownFileType = sourcecode.swift; path = SettingsViewController.swift; sourceTree = "<group>"; };
		1A9F4AFC227DE6500029AC3A /* Assets.xcassets */ = {isa = PBXFileReference; lastKnownFileType = folder.assetcatalog; path = Assets.xcassets; sourceTree = "<group>"; };
		1A9F4AFF227DE6500029AC3A /* Base */ = {isa = PBXFileReference; lastKnownFileType = file.storyboard; name = Base; path = Base.lproj/LaunchScreen.storyboard; sourceTree = "<group>"; };
		1A9F4B01227DE6500029AC3A /* Info.plist */ = {isa = PBXFileReference; lastKnownFileType = text.plist.xml; path = Info.plist; sourceTree = "<group>"; };
		1A9F4B06227DE6500029AC3A /* WorkoutTrackerTests.xctest */ = {isa = PBXFileReference; explicitFileType = wrapper.cfbundle; includeInIndex = 0; path = WorkoutTrackerTests.xctest; sourceTree = BUILT_PRODUCTS_DIR; };
		1A9F4B0A227DE6500029AC3A /* WorkoutTrackerTests.swift */ = {isa = PBXFileReference; lastKnownFileType = sourcecode.swift; path = WorkoutTrackerTests.swift; sourceTree = "<group>"; };
		1A9F4B0C227DE6500029AC3A /* Info.plist */ = {isa = PBXFileReference; lastKnownFileType = text.plist.xml; path = Info.plist; sourceTree = "<group>"; };
		1A9F4B11227DE6500029AC3A /* WorkoutTrackerUITests.xctest */ = {isa = PBXFileReference; explicitFileType = wrapper.cfbundle; includeInIndex = 0; path = WorkoutTrackerUITests.xctest; sourceTree = BUILT_PRODUCTS_DIR; };
		1A9F4B15227DE6500029AC3A /* WorkoutTrackerUITests.swift */ = {isa = PBXFileReference; lastKnownFileType = sourcecode.swift; path = WorkoutTrackerUITests.swift; sourceTree = "<group>"; };
		1A9F4B17227DE6500029AC3A /* Info.plist */ = {isa = PBXFileReference; lastKnownFileType = text.plist.xml; path = Info.plist; sourceTree = "<group>"; };
		1A9F4B26227F01800029AC3A /* MuscleGroup.swift */ = {isa = PBXFileReference; lastKnownFileType = sourcecode.swift; path = MuscleGroup.swift; sourceTree = "<group>"; };
		1A9F4B282282F7140029AC3A /* WorkoutViewController.swift */ = {isa = PBXFileReference; lastKnownFileType = sourcecode.swift; path = WorkoutViewController.swift; sourceTree = "<group>"; };
		1A9F4B2C2282F8910029AC3A /* Workout.swift */ = {isa = PBXFileReference; lastKnownFileType = sourcecode.swift; path = Workout.swift; sourceTree = "<group>"; };
		1A9F4B2E2282F91F0029AC3A /* Exercise.swift */ = {isa = PBXFileReference; lastKnownFileType = sourcecode.swift; path = Exercise.swift; sourceTree = "<group>"; };
		1A9F4B31228311140029AC3A /* DatabaseManager.swift */ = {isa = PBXFileReference; lastKnownFileType = sourcecode.swift; path = DatabaseManager.swift; sourceTree = "<group>"; };
		1A9F4B3422831F280029AC3A /* DateExtension.swift */ = {isa = PBXFileReference; lastKnownFileType = sourcecode.swift; path = DateExtension.swift; sourceTree = "<group>"; };
		1A9F4B36228730670029AC3A /* AddEntryViewController.swift */ = {isa = PBXFileReference; lastKnownFileType = sourcecode.swift; path = AddEntryViewController.swift; sourceTree = "<group>"; };
		1A9F4B38228748F90029AC3A /* ViewControllerExtension.swift */ = {isa = PBXFileReference; lastKnownFileType = sourcecode.swift; path = ViewControllerExtension.swift; sourceTree = "<group>"; };
		1B776DCC1AA412DF569AFAA9 /* Pods-WorkoutTrackerTests.debug.xcconfig */ = {isa = PBXFileReference; includeInIndex = 1; lastKnownFileType = text.xcconfig; name = "Pods-WorkoutTrackerTests.debug.xcconfig"; path = "Target Support Files/Pods-WorkoutTrackerTests/Pods-WorkoutTrackerTests.debug.xcconfig"; sourceTree = "<group>"; };
		56653EA78E1D7099600DEA10 /* Pods-WorkoutTrackerUITests.debug.xcconfig */ = {isa = PBXFileReference; includeInIndex = 1; lastKnownFileType = text.xcconfig; name = "Pods-WorkoutTrackerUITests.debug.xcconfig"; path = "Target Support Files/Pods-WorkoutTrackerUITests/Pods-WorkoutTrackerUITests.debug.xcconfig"; sourceTree = "<group>"; };
		5D39540EB1B80E319566EE04 /* Pods_WorkoutTrackerTests.framework */ = {isa = PBXFileReference; explicitFileType = wrapper.framework; includeInIndex = 0; path = Pods_WorkoutTrackerTests.framework; sourceTree = BUILT_PRODUCTS_DIR; };
		6969D556D14B86B0F46D1D44 /* Pods-WorkoutTrackerUITests.release.xcconfig */ = {isa = PBXFileReference; includeInIndex = 1; lastKnownFileType = text.xcconfig; name = "Pods-WorkoutTrackerUITests.release.xcconfig"; path = "Target Support Files/Pods-WorkoutTrackerUITests/Pods-WorkoutTrackerUITests.release.xcconfig"; sourceTree = "<group>"; };
		88D63341145B8246F1D5D652 /* Pods-WorkoutTrackerTests.release.xcconfig */ = {isa = PBXFileReference; includeInIndex = 1; lastKnownFileType = text.xcconfig; name = "Pods-WorkoutTrackerTests.release.xcconfig"; path = "Target Support Files/Pods-WorkoutTrackerTests/Pods-WorkoutTrackerTests.release.xcconfig"; sourceTree = "<group>"; };
		892BA70EB06AD9153C716ACC /* Pods_WorkoutTracker.framework */ = {isa = PBXFileReference; explicitFileType = wrapper.framework; includeInIndex = 0; path = Pods_WorkoutTracker.framework; sourceTree = BUILT_PRODUCTS_DIR; };
		E5CA4E231600DE3C6333FB12 /* Pods-WorkoutTracker.debug.xcconfig */ = {isa = PBXFileReference; includeInIndex = 1; lastKnownFileType = text.xcconfig; name = "Pods-WorkoutTracker.debug.xcconfig"; path = "Target Support Files/Pods-WorkoutTracker/Pods-WorkoutTracker.debug.xcconfig"; sourceTree = "<group>"; };
/* End PBXFileReference section */

/* Begin PBXFrameworksBuildPhase section */
		1A9F4AED227DE64E0029AC3A /* Frameworks */ = {
			isa = PBXFrameworksBuildPhase;
			buildActionMask = 2147483647;
			files = (
				3DAD344FEDFDCBE64D85F39E /* Pods_WorkoutTracker.framework in Frameworks */,
			);
			runOnlyForDeploymentPostprocessing = 0;
		};
		1A9F4B03227DE6500029AC3A /* Frameworks */ = {
			isa = PBXFrameworksBuildPhase;
			buildActionMask = 2147483647;
			files = (
				6C95CC0FD6C48C8D4D51D4B5 /* Pods_WorkoutTrackerTests.framework in Frameworks */,
			);
			runOnlyForDeploymentPostprocessing = 0;
		};
		1A9F4B0E227DE6500029AC3A /* Frameworks */ = {
			isa = PBXFrameworksBuildPhase;
			buildActionMask = 2147483647;
			files = (
				0B2C7417941F66F3B0FC0297 /* Pods_WorkoutTrackerUITests.framework in Frameworks */,
			);
			runOnlyForDeploymentPostprocessing = 0;
		};
/* End PBXFrameworksBuildPhase section */

/* Begin PBXGroup section */
		1A764D042320048100E0E3C8 /* History */ = {
			isa = PBXGroup;
			children = (
				1A764D0B2325160600E0E3C8 /* Cells */,
				1A9F4AF5227DE64E0029AC3A /* HomeViewController.swift */,
				1A9F4B36228730670029AC3A /* AddEntryViewController.swift */,
				1A9F4B282282F7140029AC3A /* WorkoutViewController.swift */,
			);
			path = History;
			sourceTree = "<group>";
		};
		1A764D052320048C00E0E3C8 /* Settings */ = {
			isa = PBXGroup;
			children = (
				1A9F4AF7227DE64E0029AC3A /* SettingsViewController.swift */,
			);
			path = Settings;
			sourceTree = "<group>";
		};
		1A764D062320049900E0E3C8 /* Shared */ = {
			isa = PBXGroup;
			children = (
				1A764D02231FF6BA00E0E3C8 /* TabBarController.swift */,
			);
			path = Shared;
			sourceTree = "<group>";
		};
		1A764D0B2325160600E0E3C8 /* Cells */ = {
			isa = PBXGroup;
			children = (
				1A764D122325190200E0E3C8 /* EntryTableViewCell.swift */,
				1A764D132325190200E0E3C8 /* EntryTableViewCell.xib */,
			);
			path = Cells;
			sourceTree = "<group>";
		};
		1A9F4AE7227DE64E0029AC3A = {
			isa = PBXGroup;
			children = (
				1A9F4AF2227DE64E0029AC3A /* WorkoutTracker */,
				1A9F4B09227DE6500029AC3A /* WorkoutTrackerTests */,
				1A9F4B14227DE6500029AC3A /* WorkoutTrackerUITests */,
				1A9F4AF1227DE64E0029AC3A /* Products */,
				1DC08CEF334295981DE73C17 /* Pods */,
				941D7D750DB93CDDFA9014F9 /* Frameworks */,
			);
			sourceTree = "<group>";
		};
		1A9F4AF1227DE64E0029AC3A /* Products */ = {
			isa = PBXGroup;
			children = (
				1A9F4AF0227DE64E0029AC3A /* WorkoutTracker.app */,
				1A9F4B06227DE6500029AC3A /* WorkoutTrackerTests.xctest */,
				1A9F4B11227DE6500029AC3A /* WorkoutTrackerUITests.xctest */,
			);
			name = Products;
			sourceTree = "<group>";
		};
		1A9F4AF2227DE64E0029AC3A /* WorkoutTracker */ = {
			isa = PBXGroup;
			children = (
				1A9F4B3322831F180029AC3A /* Extensions */,
				1A9F4B30228311050029AC3A /* Managers */,
				1A9F4B25227F01750029AC3A /* Models */,
				1A9F4AF3227DE64E0029AC3A /* AppDelegate.swift */,
				1A9F4B24227DE6730029AC3A /* SupportFiles */,
				1A9F4B23227DE6680029AC3A /* Views */,
			);
			path = WorkoutTracker;
			sourceTree = "<group>";
		};
		1A9F4B09227DE6500029AC3A /* WorkoutTrackerTests */ = {
			isa = PBXGroup;
			children = (
				1A9F4B0A227DE6500029AC3A /* WorkoutTrackerTests.swift */,
				1A9F4B0C227DE6500029AC3A /* Info.plist */,
			);
			path = WorkoutTrackerTests;
			sourceTree = "<group>";
		};
		1A9F4B14227DE6500029AC3A /* WorkoutTrackerUITests */ = {
			isa = PBXGroup;
			children = (
				1A9F4B15227DE6500029AC3A /* WorkoutTrackerUITests.swift */,
				1A9F4B17227DE6500029AC3A /* Info.plist */,
			);
			path = WorkoutTrackerUITests;
			sourceTree = "<group>";
		};
		1A9F4B23227DE6680029AC3A /* Views */ = {
			isa = PBXGroup;
			children = (
				1A764D062320049900E0E3C8 /* Shared */,
				1A764D052320048C00E0E3C8 /* Settings */,
				1A764D042320048100E0E3C8 /* History */,
			);
			path = Views;
			sourceTree = "<group>";
		};
		1A9F4B24227DE6730029AC3A /* SupportFiles */ = {
			isa = PBXGroup;
			children = (
				1A9F4B01227DE6500029AC3A /* Info.plist */,
				1A9F4AFC227DE6500029AC3A /* Assets.xcassets */,
				1A9F4AFE227DE6500029AC3A /* LaunchScreen.storyboard */,
			);
			path = SupportFiles;
			sourceTree = "<group>";
		};
		1A9F4B25227F01750029AC3A /* Models */ = {
			isa = PBXGroup;
			children = (
				1A9F4B26227F01800029AC3A /* MuscleGroup.swift */,
				1A9F4B2C2282F8910029AC3A /* Workout.swift */,
				1A9F4B2E2282F91F0029AC3A /* Exercise.swift */,
			);
			path = Models;
			sourceTree = "<group>";
		};
		1A9F4B30228311050029AC3A /* Managers */ = {
			isa = PBXGroup;
			children = (
				1A9F4B31228311140029AC3A /* DatabaseManager.swift */,
			);
			path = Managers;
			sourceTree = "<group>";
		};
		1A9F4B3322831F180029AC3A /* Extensions */ = {
			isa = PBXGroup;
			children = (
				1A9F4B3422831F280029AC3A /* DateExtension.swift */,
				1A9F4B38228748F90029AC3A /* ViewControllerExtension.swift */,
				1A764D092320084900E0E3C8 /* ColorExtension.swift */,
				1A764D10232516A100E0E3C8 /* UITableViewCellExtension.swift */,
			);
			path = Extensions;
			sourceTree = "<group>";
		};
		1DC08CEF334295981DE73C17 /* Pods */ = {
			isa = PBXGroup;
			children = (
				E5CA4E231600DE3C6333FB12 /* Pods-WorkoutTracker.debug.xcconfig */,
				006DCEA7869AFF8E21AFBF4D /* Pods-WorkoutTracker.release.xcconfig */,
				1B776DCC1AA412DF569AFAA9 /* Pods-WorkoutTrackerTests.debug.xcconfig */,
				88D63341145B8246F1D5D652 /* Pods-WorkoutTrackerTests.release.xcconfig */,
				56653EA78E1D7099600DEA10 /* Pods-WorkoutTrackerUITests.debug.xcconfig */,
				6969D556D14B86B0F46D1D44 /* Pods-WorkoutTrackerUITests.release.xcconfig */,
			);
			path = Pods;
			sourceTree = "<group>";
		};
		941D7D750DB93CDDFA9014F9 /* Frameworks */ = {
			isa = PBXGroup;
			children = (
				892BA70EB06AD9153C716ACC /* Pods_WorkoutTracker.framework */,
				5D39540EB1B80E319566EE04 /* Pods_WorkoutTrackerTests.framework */,
				1A6B2721E95099DF304C1B31 /* Pods_WorkoutTrackerUITests.framework */,
			);
			name = Frameworks;
			sourceTree = "<group>";
		};
/* End PBXGroup section */

/* Begin PBXNativeTarget section */
		1A9F4AEF227DE64E0029AC3A /* WorkoutTracker */ = {
			isa = PBXNativeTarget;
			buildConfigurationList = 1A9F4B1A227DE6500029AC3A /* Build configuration list for PBXNativeTarget "WorkoutTracker" */;
			buildPhases = (
				3AEC2678671071671EA78F45 /* [CP] Check Pods Manifest.lock */,
				1A9F4AEC227DE64E0029AC3A /* Sources */,
				1A9F4AED227DE64E0029AC3A /* Frameworks */,
				1A9F4AEE227DE64E0029AC3A /* Resources */,
				DCDC7F843EAA4CA88B56DDAF /* [CP] Embed Pods Frameworks */,
			);
			buildRules = (
			);
			dependencies = (
			);
			name = WorkoutTracker;
			productName = WorkoutTracker;
			productReference = 1A9F4AF0227DE64E0029AC3A /* WorkoutTracker.app */;
			productType = "com.apple.product-type.application";
		};
		1A9F4B05227DE6500029AC3A /* WorkoutTrackerTests */ = {
			isa = PBXNativeTarget;
			buildConfigurationList = 1A9F4B1D227DE6500029AC3A /* Build configuration list for PBXNativeTarget "WorkoutTrackerTests" */;
			buildPhases = (
				09B8B5A7A83557A283C619EC /* [CP] Check Pods Manifest.lock */,
				1A9F4B02227DE6500029AC3A /* Sources */,
				1A9F4B03227DE6500029AC3A /* Frameworks */,
				1A9F4B04227DE6500029AC3A /* Resources */,
			);
			buildRules = (
			);
			dependencies = (
				1A9F4B08227DE6500029AC3A /* PBXTargetDependency */,
			);
			name = WorkoutTrackerTests;
			productName = WorkoutTrackerTests;
			productReference = 1A9F4B06227DE6500029AC3A /* WorkoutTrackerTests.xctest */;
			productType = "com.apple.product-type.bundle.unit-test";
		};
		1A9F4B10227DE6500029AC3A /* WorkoutTrackerUITests */ = {
			isa = PBXNativeTarget;
			buildConfigurationList = 1A9F4B20227DE6500029AC3A /* Build configuration list for PBXNativeTarget "WorkoutTrackerUITests" */;
			buildPhases = (
				75375123645CC1AAA3CCBDBA /* [CP] Check Pods Manifest.lock */,
				1A9F4B0D227DE6500029AC3A /* Sources */,
				1A9F4B0E227DE6500029AC3A /* Frameworks */,
				1A9F4B0F227DE6500029AC3A /* Resources */,
			);
			buildRules = (
			);
			dependencies = (
				1A9F4B13227DE6500029AC3A /* PBXTargetDependency */,
			);
			name = WorkoutTrackerUITests;
			productName = WorkoutTrackerUITests;
			productReference = 1A9F4B11227DE6500029AC3A /* WorkoutTrackerUITests.xctest */;
			productType = "com.apple.product-type.bundle.ui-testing";
		};
/* End PBXNativeTarget section */

/* Begin PBXProject section */
		1A9F4AE8227DE64E0029AC3A /* Project object */ = {
			isa = PBXProject;
			attributes = {
				LastSwiftUpdateCheck = 1020;
				LastUpgradeCheck = 1020;
				ORGANIZATIONNAME = "Norman Lim";
				TargetAttributes = {
					1A9F4AEF227DE64E0029AC3A = {
						CreatedOnToolsVersion = 10.2;
					};
					1A9F4B05227DE6500029AC3A = {
						CreatedOnToolsVersion = 10.2;
						TestTargetID = 1A9F4AEF227DE64E0029AC3A;
					};
					1A9F4B10227DE6500029AC3A = {
						CreatedOnToolsVersion = 10.2;
						TestTargetID = 1A9F4AEF227DE64E0029AC3A;
					};
				};
			};
			buildConfigurationList = 1A9F4AEB227DE64E0029AC3A /* Build configuration list for PBXProject "WorkoutTracker" */;
			compatibilityVersion = "Xcode 9.3";
			developmentRegion = en;
			hasScannedForEncodings = 0;
			knownRegions = (
				en,
				Base,
			);
			mainGroup = 1A9F4AE7227DE64E0029AC3A;
			productRefGroup = 1A9F4AF1227DE64E0029AC3A /* Products */;
			projectDirPath = "";
			projectRoot = "";
			targets = (
				1A9F4AEF227DE64E0029AC3A /* WorkoutTracker */,
				1A9F4B05227DE6500029AC3A /* WorkoutTrackerTests */,
				1A9F4B10227DE6500029AC3A /* WorkoutTrackerUITests */,
			);
		};
/* End PBXProject section */

/* Begin PBXResourcesBuildPhase section */
		1A9F4AEE227DE64E0029AC3A /* Resources */ = {
			isa = PBXResourcesBuildPhase;
			buildActionMask = 2147483647;
			files = (
				1A9F4B00227DE6500029AC3A /* LaunchScreen.storyboard in Resources */,
				1A9F4AFD227DE6500029AC3A /* Assets.xcassets in Resources */,
				1A764D152325190200E0E3C8 /* EntryTableViewCell.xib in Resources */,
			);
			runOnlyForDeploymentPostprocessing = 0;
		};
		1A9F4B04227DE6500029AC3A /* Resources */ = {
			isa = PBXResourcesBuildPhase;
			buildActionMask = 2147483647;
			files = (
			);
			runOnlyForDeploymentPostprocessing = 0;
		};
		1A9F4B0F227DE6500029AC3A /* Resources */ = {
			isa = PBXResourcesBuildPhase;
			buildActionMask = 2147483647;
			files = (
			);
			runOnlyForDeploymentPostprocessing = 0;
		};
/* End PBXResourcesBuildPhase section */

/* Begin PBXShellScriptBuildPhase section */
		09B8B5A7A83557A283C619EC /* [CP] Check Pods Manifest.lock */ = {
			isa = PBXShellScriptBuildPhase;
			buildActionMask = 2147483647;
			files = (
			);
			inputFileListPaths = (
			);
			inputPaths = (
				"${PODS_PODFILE_DIR_PATH}/Podfile.lock",
				"${PODS_ROOT}/Manifest.lock",
			);
			name = "[CP] Check Pods Manifest.lock";
			outputFileListPaths = (
			);
			outputPaths = (
				"$(DERIVED_FILE_DIR)/Pods-WorkoutTrackerTests-checkManifestLockResult.txt",
			);
			runOnlyForDeploymentPostprocessing = 0;
			shellPath = /bin/sh;
			shellScript = "diff \"${PODS_PODFILE_DIR_PATH}/Podfile.lock\" \"${PODS_ROOT}/Manifest.lock\" > /dev/null\nif [ $? != 0 ] ; then\n    # print error to STDERR\n    echo \"error: The sandbox is not in sync with the Podfile.lock. Run 'pod install' or update your CocoaPods installation.\" >&2\n    exit 1\nfi\n# This output is used by Xcode 'outputs' to avoid re-running this script phase.\necho \"SUCCESS\" > \"${SCRIPT_OUTPUT_FILE_0}\"\n";
			showEnvVarsInLog = 0;
		};
		3AEC2678671071671EA78F45 /* [CP] Check Pods Manifest.lock */ = {
			isa = PBXShellScriptBuildPhase;
			buildActionMask = 2147483647;
			files = (
			);
			inputFileListPaths = (
			);
			inputPaths = (
				"${PODS_PODFILE_DIR_PATH}/Podfile.lock",
				"${PODS_ROOT}/Manifest.lock",
			);
			name = "[CP] Check Pods Manifest.lock";
			outputFileListPaths = (
			);
			outputPaths = (
				"$(DERIVED_FILE_DIR)/Pods-WorkoutTracker-checkManifestLockResult.txt",
			);
			runOnlyForDeploymentPostprocessing = 0;
			shellPath = /bin/sh;
			shellScript = "diff \"${PODS_PODFILE_DIR_PATH}/Podfile.lock\" \"${PODS_ROOT}/Manifest.lock\" > /dev/null\nif [ $? != 0 ] ; then\n    # print error to STDERR\n    echo \"error: The sandbox is not in sync with the Podfile.lock. Run 'pod install' or update your CocoaPods installation.\" >&2\n    exit 1\nfi\n# This output is used by Xcode 'outputs' to avoid re-running this script phase.\necho \"SUCCESS\" > \"${SCRIPT_OUTPUT_FILE_0}\"\n";
			showEnvVarsInLog = 0;
		};
		75375123645CC1AAA3CCBDBA /* [CP] Check Pods Manifest.lock */ = {
			isa = PBXShellScriptBuildPhase;
			buildActionMask = 2147483647;
			files = (
			);
			inputFileListPaths = (
			);
			inputPaths = (
				"${PODS_PODFILE_DIR_PATH}/Podfile.lock",
				"${PODS_ROOT}/Manifest.lock",
			);
			name = "[CP] Check Pods Manifest.lock";
			outputFileListPaths = (
			);
			outputPaths = (
				"$(DERIVED_FILE_DIR)/Pods-WorkoutTrackerUITests-checkManifestLockResult.txt",
			);
			runOnlyForDeploymentPostprocessing = 0;
			shellPath = /bin/sh;
			shellScript = "diff \"${PODS_PODFILE_DIR_PATH}/Podfile.lock\" \"${PODS_ROOT}/Manifest.lock\" > /dev/null\nif [ $? != 0 ] ; then\n    # print error to STDERR\n    echo \"error: The sandbox is not in sync with the Podfile.lock. Run 'pod install' or update your CocoaPods installation.\" >&2\n    exit 1\nfi\n# This output is used by Xcode 'outputs' to avoid re-running this script phase.\necho \"SUCCESS\" > \"${SCRIPT_OUTPUT_FILE_0}\"\n";
			showEnvVarsInLog = 0;
		};
		DCDC7F843EAA4CA88B56DDAF /* [CP] Embed Pods Frameworks */ = {
			isa = PBXShellScriptBuildPhase;
			buildActionMask = 2147483647;
			files = (
			);
			inputFileListPaths = (
				"${PODS_ROOT}/Target Support Files/Pods-WorkoutTracker/Pods-WorkoutTracker-frameworks-${CONFIGURATION}-input-files.xcfilelist",
			);
			name = "[CP] Embed Pods Frameworks";
			outputFileListPaths = (
				"${PODS_ROOT}/Target Support Files/Pods-WorkoutTracker/Pods-WorkoutTracker-frameworks-${CONFIGURATION}-output-files.xcfilelist",
			);
			runOnlyForDeploymentPostprocessing = 0;
			shellPath = /bin/sh;
			shellScript = "\"${PODS_ROOT}/Target Support Files/Pods-WorkoutTracker/Pods-WorkoutTracker-frameworks.sh\"\n";
			showEnvVarsInLog = 0;
		};
/* End PBXShellScriptBuildPhase section */

/* Begin PBXSourcesBuildPhase section */
		1A9F4AEC227DE64E0029AC3A /* Sources */ = {
			isa = PBXSourcesBuildPhase;
			buildActionMask = 2147483647;
			files = (
				1A9F4B32228311140029AC3A /* DatabaseManager.swift in Sources */,
				1A9F4B37228730670029AC3A /* AddEntryViewController.swift in Sources */,
				1A9F4AF8227DE64E0029AC3A /* SettingsViewController.swift in Sources */,
				1A9F4B3522831F280029AC3A /* DateExtension.swift in Sources */,
				1A9F4AF4227DE64E0029AC3A /* AppDelegate.swift in Sources */,
				1A9F4B27227F01800029AC3A /* MuscleGroup.swift in Sources */,
				1A764D142325190200E0E3C8 /* EntryTableViewCell.swift in Sources */,
				1A9F4AF6227DE64E0029AC3A /* HomeViewController.swift in Sources */,
				1A9F4B39228748F90029AC3A /* ViewControllerExtension.swift in Sources */,
				1A9F4B292282F7150029AC3A /* WorkoutViewController.swift in Sources */,
				1A764D03231FF6BA00E0E3C8 /* TabBarController.swift in Sources */,
				1A9F4B2F2282F91F0029AC3A /* Exercise.swift in Sources */,
				1A764D11232516A100E0E3C8 /* UITableViewCellExtension.swift in Sources */,
				1A9F4B2D2282F8910029AC3A /* Workout.swift in Sources */,
				1A764D0A2320084900E0E3C8 /* ColorExtension.swift in Sources */,
			);
			runOnlyForDeploymentPostprocessing = 0;
		};
		1A9F4B02227DE6500029AC3A /* Sources */ = {
			isa = PBXSourcesBuildPhase;
			buildActionMask = 2147483647;
			files = (
				1A9F4B0B227DE6500029AC3A /* WorkoutTrackerTests.swift in Sources */,
			);
			runOnlyForDeploymentPostprocessing = 0;
		};
		1A9F4B0D227DE6500029AC3A /* Sources */ = {
			isa = PBXSourcesBuildPhase;
			buildActionMask = 2147483647;
			files = (
				1A9F4B16227DE6500029AC3A /* WorkoutTrackerUITests.swift in Sources */,
			);
			runOnlyForDeploymentPostprocessing = 0;
		};
/* End PBXSourcesBuildPhase section */

/* Begin PBXTargetDependency section */
		1A9F4B08227DE6500029AC3A /* PBXTargetDependency */ = {
			isa = PBXTargetDependency;
			target = 1A9F4AEF227DE64E0029AC3A /* WorkoutTracker */;
			targetProxy = 1A9F4B07227DE6500029AC3A /* PBXContainerItemProxy */;
		};
		1A9F4B13227DE6500029AC3A /* PBXTargetDependency */ = {
			isa = PBXTargetDependency;
			target = 1A9F4AEF227DE64E0029AC3A /* WorkoutTracker */;
			targetProxy = 1A9F4B12227DE6500029AC3A /* PBXContainerItemProxy */;
		};
/* End PBXTargetDependency section */

/* Begin PBXVariantGroup section */
		1A9F4AFE227DE6500029AC3A /* LaunchScreen.storyboard */ = {
			isa = PBXVariantGroup;
			children = (
				1A9F4AFF227DE6500029AC3A /* Base */,
			);
			name = LaunchScreen.storyboard;
			sourceTree = "<group>";
		};
/* End PBXVariantGroup section */

/* Begin XCBuildConfiguration section */
		1A9F4B18227DE6500029AC3A /* Debug */ = {
			isa = XCBuildConfiguration;
			buildSettings = {
				ALWAYS_SEARCH_USER_PATHS = NO;
				CLANG_ANALYZER_NONNULL = YES;
				CLANG_ANALYZER_NUMBER_OBJECT_CONVERSION = YES_AGGRESSIVE;
				CLANG_CXX_LANGUAGE_STANDARD = "gnu++14";
				CLANG_CXX_LIBRARY = "libc++";
				CLANG_ENABLE_MODULES = YES;
				CLANG_ENABLE_OBJC_ARC = YES;
				CLANG_ENABLE_OBJC_WEAK = YES;
				CLANG_WARN_BLOCK_CAPTURE_AUTORELEASING = YES;
				CLANG_WARN_BOOL_CONVERSION = YES;
				CLANG_WARN_COMMA = YES;
				CLANG_WARN_CONSTANT_CONVERSION = YES;
				CLANG_WARN_DEPRECATED_OBJC_IMPLEMENTATIONS = YES;
				CLANG_WARN_DIRECT_OBJC_ISA_USAGE = YES_ERROR;
				CLANG_WARN_DOCUMENTATION_COMMENTS = YES;
				CLANG_WARN_EMPTY_BODY = YES;
				CLANG_WARN_ENUM_CONVERSION = YES;
				CLANG_WARN_INFINITE_RECURSION = YES;
				CLANG_WARN_INT_CONVERSION = YES;
				CLANG_WARN_NON_LITERAL_NULL_CONVERSION = YES;
				CLANG_WARN_OBJC_IMPLICIT_RETAIN_SELF = YES;
				CLANG_WARN_OBJC_LITERAL_CONVERSION = YES;
				CLANG_WARN_OBJC_ROOT_CLASS = YES_ERROR;
				CLANG_WARN_RANGE_LOOP_ANALYSIS = YES;
				CLANG_WARN_STRICT_PROTOTYPES = YES;
				CLANG_WARN_SUSPICIOUS_MOVE = YES;
				CLANG_WARN_UNGUARDED_AVAILABILITY = YES_AGGRESSIVE;
				CLANG_WARN_UNREACHABLE_CODE = YES;
				CLANG_WARN__DUPLICATE_METHOD_MATCH = YES;
				CODE_SIGN_IDENTITY = "iPhone Developer";
				COPY_PHASE_STRIP = NO;
				DEBUG_INFORMATION_FORMAT = dwarf;
				ENABLE_STRICT_OBJC_MSGSEND = YES;
				ENABLE_TESTABILITY = YES;
				GCC_C_LANGUAGE_STANDARD = gnu11;
				GCC_DYNAMIC_NO_PIC = NO;
				GCC_NO_COMMON_BLOCKS = YES;
				GCC_OPTIMIZATION_LEVEL = 0;
				GCC_PREPROCESSOR_DEFINITIONS = (
					"DEBUG=1",
					"$(inherited)",
				);
				GCC_WARN_64_TO_32_BIT_CONVERSION = YES;
				GCC_WARN_ABOUT_RETURN_TYPE = YES_ERROR;
				GCC_WARN_UNDECLARED_SELECTOR = YES;
				GCC_WARN_UNINITIALIZED_AUTOS = YES_AGGRESSIVE;
				GCC_WARN_UNUSED_FUNCTION = YES;
				GCC_WARN_UNUSED_VARIABLE = YES;
				IPHONEOS_DEPLOYMENT_TARGET = 12.2;
				MTL_ENABLE_DEBUG_INFO = INCLUDE_SOURCE;
				MTL_FAST_MATH = YES;
				ONLY_ACTIVE_ARCH = YES;
				SDKROOT = iphoneos;
				SWIFT_ACTIVE_COMPILATION_CONDITIONS = DEBUG;
				SWIFT_OPTIMIZATION_LEVEL = "-Onone";
			};
			name = Debug;
		};
		1A9F4B19227DE6500029AC3A /* Release */ = {
			isa = XCBuildConfiguration;
			buildSettings = {
				ALWAYS_SEARCH_USER_PATHS = NO;
				CLANG_ANALYZER_NONNULL = YES;
				CLANG_ANALYZER_NUMBER_OBJECT_CONVERSION = YES_AGGRESSIVE;
				CLANG_CXX_LANGUAGE_STANDARD = "gnu++14";
				CLANG_CXX_LIBRARY = "libc++";
				CLANG_ENABLE_MODULES = YES;
				CLANG_ENABLE_OBJC_ARC = YES;
				CLANG_ENABLE_OBJC_WEAK = YES;
				CLANG_WARN_BLOCK_CAPTURE_AUTORELEASING = YES;
				CLANG_WARN_BOOL_CONVERSION = YES;
				CLANG_WARN_COMMA = YES;
				CLANG_WARN_CONSTANT_CONVERSION = YES;
				CLANG_WARN_DEPRECATED_OBJC_IMPLEMENTATIONS = YES;
				CLANG_WARN_DIRECT_OBJC_ISA_USAGE = YES_ERROR;
				CLANG_WARN_DOCUMENTATION_COMMENTS = YES;
				CLANG_WARN_EMPTY_BODY = YES;
				CLANG_WARN_ENUM_CONVERSION = YES;
				CLANG_WARN_INFINITE_RECURSION = YES;
				CLANG_WARN_INT_CONVERSION = YES;
				CLANG_WARN_NON_LITERAL_NULL_CONVERSION = YES;
				CLANG_WARN_OBJC_IMPLICIT_RETAIN_SELF = YES;
				CLANG_WARN_OBJC_LITERAL_CONVERSION = YES;
				CLANG_WARN_OBJC_ROOT_CLASS = YES_ERROR;
				CLANG_WARN_RANGE_LOOP_ANALYSIS = YES;
				CLANG_WARN_STRICT_PROTOTYPES = YES;
				CLANG_WARN_SUSPICIOUS_MOVE = YES;
				CLANG_WARN_UNGUARDED_AVAILABILITY = YES_AGGRESSIVE;
				CLANG_WARN_UNREACHABLE_CODE = YES;
				CLANG_WARN__DUPLICATE_METHOD_MATCH = YES;
				CODE_SIGN_IDENTITY = "iPhone Developer";
				COPY_PHASE_STRIP = NO;
				DEBUG_INFORMATION_FORMAT = "dwarf-with-dsym";
				ENABLE_NS_ASSERTIONS = NO;
				ENABLE_STRICT_OBJC_MSGSEND = YES;
				GCC_C_LANGUAGE_STANDARD = gnu11;
				GCC_NO_COMMON_BLOCKS = YES;
				GCC_WARN_64_TO_32_BIT_CONVERSION = YES;
				GCC_WARN_ABOUT_RETURN_TYPE = YES_ERROR;
				GCC_WARN_UNDECLARED_SELECTOR = YES;
				GCC_WARN_UNINITIALIZED_AUTOS = YES_AGGRESSIVE;
				GCC_WARN_UNUSED_FUNCTION = YES;
				GCC_WARN_UNUSED_VARIABLE = YES;
				IPHONEOS_DEPLOYMENT_TARGET = 12.2;
				MTL_ENABLE_DEBUG_INFO = NO;
				MTL_FAST_MATH = YES;
				SDKROOT = iphoneos;
				SWIFT_COMPILATION_MODE = wholemodule;
				SWIFT_OPTIMIZATION_LEVEL = "-O";
				VALIDATE_PRODUCT = YES;
			};
			name = Release;
		};
		1A9F4B1B227DE6500029AC3A /* Debug */ = {
			isa = XCBuildConfiguration;
			baseConfigurationReference = E5CA4E231600DE3C6333FB12 /* Pods-WorkoutTracker.debug.xcconfig */;
			buildSettings = {
				ASSETCATALOG_COMPILER_APPICON_NAME = AppIcon;
				CODE_SIGN_STYLE = Automatic;
				DEVELOPMENT_TEAM = MLXY323LE7;
				INFOPLIST_FILE = "$(SRCROOT)/WorkoutTracker/SupportFiles/Info.plist";
				LD_RUNPATH_SEARCH_PATHS = (
					"$(inherited)",
					"@executable_path/Frameworks",
				);
				PRODUCT_BUNDLE_IDENTIFIER = com.normanlim.WorkoutTracker;
				PRODUCT_NAME = "$(TARGET_NAME)";
				SWIFT_VERSION = 5.0;
				TARGETED_DEVICE_FAMILY = "1,2";
			};
			name = Debug;
		};
		1A9F4B1C227DE6500029AC3A /* Release */ = {
			isa = XCBuildConfiguration;
			baseConfigurationReference = 006DCEA7869AFF8E21AFBF4D /* Pods-WorkoutTracker.release.xcconfig */;
			buildSettings = {
				ASSETCATALOG_COMPILER_APPICON_NAME = AppIcon;
				CODE_SIGN_STYLE = Automatic;
				DEVELOPMENT_TEAM = MLXY323LE7;
				INFOPLIST_FILE = "$(SRCROOT)/WorkoutTracker/SupportFiles/Info.plist";
				LD_RUNPATH_SEARCH_PATHS = (
					"$(inherited)",
					"@executable_path/Frameworks",
				);
				PRODUCT_BUNDLE_IDENTIFIER = com.normanlim.WorkoutTracker;
				PRODUCT_NAME = "$(TARGET_NAME)";
				SWIFT_VERSION = 5.0;
				TARGETED_DEVICE_FAMILY = "1,2";
			};
			name = Release;
		};
		1A9F4B1E227DE6500029AC3A /* Debug */ = {
			isa = XCBuildConfiguration;
			baseConfigurationReference = 1B776DCC1AA412DF569AFAA9 /* Pods-WorkoutTrackerTests.debug.xcconfig */;
			buildSettings = {
				ALWAYS_EMBED_SWIFT_STANDARD_LIBRARIES = YES;
				BUNDLE_LOADER = "$(TEST_HOST)";
				CODE_SIGN_STYLE = Automatic;
				DEVELOPMENT_TEAM = MLXY323LE7;
				INFOPLIST_FILE = WorkoutTrackerTests/Info.plist;
				LD_RUNPATH_SEARCH_PATHS = (
					"$(inherited)",
					"@executable_path/Frameworks",
					"@loader_path/Frameworks",
				);
				PRODUCT_BUNDLE_IDENTIFIER = com.normanlim.WorkoutTrackerTests;
				PRODUCT_NAME = "$(TARGET_NAME)";
				SWIFT_VERSION = 5.0;
				TARGETED_DEVICE_FAMILY = "1,2";
				TEST_HOST = "$(BUILT_PRODUCTS_DIR)/WorkoutTracker.app/WorkoutTracker";
			};
			name = Debug;
		};
		1A9F4B1F227DE6500029AC3A /* Release */ = {
			isa = XCBuildConfiguration;
			baseConfigurationReference = 88D63341145B8246F1D5D652 /* Pods-WorkoutTrackerTests.release.xcconfig */;
			buildSettings = {
				ALWAYS_EMBED_SWIFT_STANDARD_LIBRARIES = YES;
				BUNDLE_LOADER = "$(TEST_HOST)";
				CODE_SIGN_STYLE = Automatic;
				DEVELOPMENT_TEAM = MLXY323LE7;
				INFOPLIST_FILE = WorkoutTrackerTests/Info.plist;
				LD_RUNPATH_SEARCH_PATHS = (
					"$(inherited)",
					"@executable_path/Frameworks",
					"@loader_path/Frameworks",
				);
				PRODUCT_BUNDLE_IDENTIFIER = com.normanlim.WorkoutTrackerTests;
				PRODUCT_NAME = "$(TARGET_NAME)";
				SWIFT_VERSION = 5.0;
				TARGETED_DEVICE_FAMILY = "1,2";
				TEST_HOST = "$(BUILT_PRODUCTS_DIR)/WorkoutTracker.app/WorkoutTracker";
			};
			name = Release;
		};
		1A9F4B21227DE6500029AC3A /* Debug */ = {
			isa = XCBuildConfiguration;
			baseConfigurationReference = 56653EA78E1D7099600DEA10 /* Pods-WorkoutTrackerUITests.debug.xcconfig */;
			buildSettings = {
				ALWAYS_EMBED_SWIFT_STANDARD_LIBRARIES = YES;
				CODE_SIGN_STYLE = Automatic;
				DEVELOPMENT_TEAM = MLXY323LE7;
				INFOPLIST_FILE = WorkoutTrackerUITests/Info.plist;
				LD_RUNPATH_SEARCH_PATHS = (
					"$(inherited)",
					"@executable_path/Frameworks",
					"@loader_path/Frameworks",
				);
				PRODUCT_BUNDLE_IDENTIFIER = com.normanlim.WorkoutTrackerUITests;
				PRODUCT_NAME = "$(TARGET_NAME)";
				SWIFT_VERSION = 5.0;
				TARGETED_DEVICE_FAMILY = "1,2";
				TEST_TARGET_NAME = WorkoutTracker;
			};
			name = Debug;
		};
		1A9F4B22227DE6500029AC3A /* Release */ = {
			isa = XCBuildConfiguration;
			baseConfigurationReference = 6969D556D14B86B0F46D1D44 /* Pods-WorkoutTrackerUITests.release.xcconfig */;
			buildSettings = {
				ALWAYS_EMBED_SWIFT_STANDARD_LIBRARIES = YES;
				CODE_SIGN_STYLE = Automatic;
				DEVELOPMENT_TEAM = MLXY323LE7;
				INFOPLIST_FILE = WorkoutTrackerUITests/Info.plist;
				LD_RUNPATH_SEARCH_PATHS = (
					"$(inherited)",
					"@executable_path/Frameworks",
					"@loader_path/Frameworks",
				);
				PRODUCT_BUNDLE_IDENTIFIER = com.normanlim.WorkoutTrackerUITests;
				PRODUCT_NAME = "$(TARGET_NAME)";
				SWIFT_VERSION = 5.0;
				TARGETED_DEVICE_FAMILY = "1,2";
				TEST_TARGET_NAME = WorkoutTracker;
			};
			name = Release;
		};
/* End XCBuildConfiguration section */

/* Begin XCConfigurationList section */
		1A9F4AEB227DE64E0029AC3A /* Build configuration list for PBXProject "WorkoutTracker" */ = {
			isa = XCConfigurationList;
			buildConfigurations = (
				1A9F4B18227DE6500029AC3A /* Debug */,
				1A9F4B19227DE6500029AC3A /* Release */,
			);
			defaultConfigurationIsVisible = 0;
			defaultConfigurationName = Release;
		};
		1A9F4B1A227DE6500029AC3A /* Build configuration list for PBXNativeTarget "WorkoutTracker" */ = {
			isa = XCConfigurationList;
			buildConfigurations = (
				1A9F4B1B227DE6500029AC3A /* Debug */,
				1A9F4B1C227DE6500029AC3A /* Release */,
			);
			defaultConfigurationIsVisible = 0;
			defaultConfigurationName = Release;
		};
		1A9F4B1D227DE6500029AC3A /* Build configuration list for PBXNativeTarget "WorkoutTrackerTests" */ = {
			isa = XCConfigurationList;
			buildConfigurations = (
				1A9F4B1E227DE6500029AC3A /* Debug */,
				1A9F4B1F227DE6500029AC3A /* Release */,
			);
			defaultConfigurationIsVisible = 0;
			defaultConfigurationName = Release;
		};
		1A9F4B20227DE6500029AC3A /* Build configuration list for PBXNativeTarget "WorkoutTrackerUITests" */ = {
			isa = XCConfigurationList;
			buildConfigurations = (
				1A9F4B21227DE6500029AC3A /* Debug */,
				1A9F4B22227DE6500029AC3A /* Release */,
			);
			defaultConfigurationIsVisible = 0;
			defaultConfigurationName = Release;
		};
/* End XCConfigurationList section */
	};
	rootObject = 1A9F4AE8227DE64E0029AC3A /* Project object */;
}
